// !$*UTF8*$!
{
	archiveVersion = 1;
	classes = {
	};
	objectVersion = 55;
	objects = {

/* Begin PBXBuildFile section */
		E90891B82AFA1338005D41CC /* texteditorbootcamp.swift in Sources */ = {isa = PBXBuildFile; fileRef = E90891B72AFA1337005D41CC /* texteditorbootcamp.swift */; };
		E90DA69C2AE8D5AA00D6BFA2 /* framesBootcamp.swift in Sources */ = {isa = PBXBuildFile; fileRef = E90DA69B2AE8D5AA00D6BFA2 /* framesBootcamp.swift */; };
		E90DA69D2AE8D5AA00D6BFA2 /* framesBootcamp.swift in Sources */ = {isa = PBXBuildFile; fileRef = E90DA69B2AE8D5AA00D6BFA2 /* framesBootcamp.swift */; };
		E93394882B1E48EB00900CA0 /* animation_task1.swift in Sources */ = {isa = PBXBuildFile; fileRef = E93394872B1E48EB00900CA0 /* animation_task1.swift */; };
		E939381B2AEA639200006D6F /* spacerboocamp.swift in Sources */ = {isa = PBXBuildFile; fileRef = E939381A2AEA639200006D6F /* spacerboocamp.swift */; };
		E939381C2AEA639200006D6F /* spacerboocamp.swift in Sources */ = {isa = PBXBuildFile; fileRef = E939381A2AEA639200006D6F /* spacerboocamp.swift */; };
		E95396E82AF8B0EF003B4355 /* AlertBootCamp.swift in Sources */ = {isa = PBXBuildFile; fileRef = E95396E72AF8B0EF003B4355 /* AlertBootCamp.swift */; };
		E9547B832AFF33CB003FE19B /* ModelViewBootcamp.swift in Sources */ = {isa = PBXBuildFile; fileRef = E9547B822AFF33CB003FE19B /* ModelViewBootcamp.swift */; };
		E9547B852AFF5BC6003FE19B /* ViewMOdel.swift in Sources */ = {isa = PBXBuildFile; fileRef = E9547B842AFF5BC6003FE19B /* ViewMOdel.swift */; };
		E96E33F12B2C7ED900F9A8D6 /* hashableBootcamp.swift in Sources */ = {isa = PBXBuildFile; fileRef = E96E33F02B2C7ED800F9A8D6 /* hashableBootcamp.swift */; };
		E99AAEA72B0F0F9B002C4A4A /* Wifi_animation.swift in Sources */ = {isa = PBXBuildFile; fileRef = E99AAEA62B0F0F9B002C4A4A /* Wifi_animation.swift */; };
		E99F55502AF9387E00357910 /* TextFieldBootCamp.swift in Sources */ = {isa = PBXBuildFile; fileRef = E99F554F2AF9387E00357910 /* TextFieldBootCamp.swift */; };
		E9A1C41E2AED314900292D37 /* ButtonsBootcamp.swift in Sources */ = {isa = PBXBuildFile; fileRef = E9A1C41D2AED314900292D37 /* ButtonsBootcamp.swift */; };
		E9A1C41F2AED314A00292D37 /* ButtonsBootcamp.swift in Sources */ = {isa = PBXBuildFile; fileRef = E9A1C41D2AED314900292D37 /* ButtonsBootcamp.swift */; };
		E9A1C4212AED379300292D37 /* StateBootcamp.swift in Sources */ = {isa = PBXBuildFile; fileRef = E9A1C4202AED379300292D37 /* StateBootcamp.swift */; };
		E9A1C4222AED379300292D37 /* StateBootcamp.swift in Sources */ = {isa = PBXBuildFile; fileRef = E9A1C4202AED379300292D37 /* StateBootcamp.swift */; };
		E9A1C4242AED542E00292D37 /* FuncViewExtraction.swift in Sources */ = {isa = PBXBuildFile; fileRef = E9A1C4232AED542E00292D37 /* FuncViewExtraction.swift */; };
		E9A1C4252AED542E00292D37 /* FuncViewExtraction.swift in Sources */ = {isa = PBXBuildFile; fileRef = E9A1C4232AED542E00292D37 /* FuncViewExtraction.swift */; };
		E9A296B82B316441003768A8 /* SwiftUIView.swift in Sources */ = {isa = PBXBuildFile; fileRef = E9A296B72B316441003768A8 /* SwiftUIView.swift */; };
		E9A35D592AFCEC2B00DE6335 /* onApperBootcamp.swift in Sources */ = {isa = PBXBuildFile; fileRef = E9A35D582AFCEC2B00DE6335 /* onApperBootcamp.swift */; };
		E9A3FFCF2AF91BCB00A327DE /* ContextMenuBootcamp.swift in Sources */ = {isa = PBXBuildFile; fileRef = E9A3FFCE2AF91BCB00A327DE /* ContextMenuBootcamp.swift */; };
		E9A606D32AF517DD005BB0EE /* popOverBootcamp.swift in Sources */ = {isa = PBXBuildFile; fileRef = E9A606D22AF517DC005BB0EE /* popOverBootcamp.swift */; };
		E9AFAE762AFA90B7000AF0F5 /* dancingdots.swift in Sources */ = {isa = PBXBuildFile; fileRef = E9AFAE752AFA90B7000AF0F5 /* dancingdots.swift */; };
		E9B1950F2AEC121300EFCD57 /* LazyVStackBootcamp.swift in Sources */ = {isa = PBXBuildFile; fileRef = E9B1950E2AEC121200EFCD57 /* LazyVStackBootcamp.swift */; };
		E9B195102AEC121300EFCD57 /* LazyVStackBootcamp.swift in Sources */ = {isa = PBXBuildFile; fileRef = E9B1950E2AEC121200EFCD57 /* LazyVStackBootcamp.swift */; };
		E9B239152B3305EA000D37DA /* SpeechSynth.swift in Sources */ = {isa = PBXBuildFile; fileRef = E9B239142B3305E9000D37DA /* SpeechSynth.swift */; };
		E9B239172B331113000D37DA /* Bookwork1.swift in Sources */ = {isa = PBXBuildFile; fileRef = E9B239162B331113000D37DA /* Bookwork1.swift */; };
		E9B777582B20A0A70010D6DE /* hapticsBootcamp.swift in Sources */ = {isa = PBXBuildFile; fileRef = E9B777572B20A0A70010D6DE /* hapticsBootcamp.swift */; };
		E9B7775A2B20B6570010D6DE /* LocalNotificationPushBootcamp.swift in Sources */ = {isa = PBXBuildFile; fileRef = E9B777592B20B6570010D6DE /* LocalNotificationPushBootcamp.swift */; };
		E9BC410D2AE8BF02001EB815 /* BootCampApp.swift in Sources */ = {isa = PBXBuildFile; fileRef = E9BC40FD2AE8BEF6001EB815 /* BootCampApp.swift */; };
		E9BC410E2AE8BF02001EB815 /* BootCampApp.swift in Sources */ = {isa = PBXBuildFile; fileRef = E9BC40FD2AE8BEF6001EB815 /* BootCampApp.swift */; };
		E9BC410F2AE8BF02001EB815 /* colorGradient.swift in Sources */ = {isa = PBXBuildFile; fileRef = E9BC40FE2AE8BEF6001EB815 /* colorGradient.swift */; };
		E9BC41102AE8BF02001EB815 /* colorGradient.swift in Sources */ = {isa = PBXBuildFile; fileRef = E9BC40FE2AE8BEF6001EB815 /* colorGradient.swift */; };
		E9BC41112AE8BF02001EB815 /* Assets.xcassets in Resources */ = {isa = PBXBuildFile; fileRef = E9BC40FF2AE8BF02001EB815 /* Assets.xcassets */; };
		E9BC41122AE8BF02001EB815 /* Assets.xcassets in Resources */ = {isa = PBXBuildFile; fileRef = E9BC40FF2AE8BF02001EB815 /* Assets.xcassets */; };
		E9BE64E02AF8821500E07F48 /* ListBootcamp.swift in Sources */ = {isa = PBXBuildFile; fileRef = E9BE64DF2AF8821400E07F48 /* ListBootcamp.swift */; };
		E9BFEC1C2AEB857900936621 /* ScrollViewBootcamp.swift in Sources */ = {isa = PBXBuildFile; fileRef = E9BFEC1B2AEB857900936621 /* ScrollViewBootcamp.swift */; };
		E9BFEC1D2AEB857900936621 /* ScrollViewBootcamp.swift in Sources */ = {isa = PBXBuildFile; fileRef = E9BFEC1B2AEB857900936621 /* ScrollViewBootcamp.swift */; };
		E9C0122D2AFBEFCE000A5B07 /* darkmodeBootcamp.swift in Sources */ = {isa = PBXBuildFile; fileRef = E9C0122C2AFBEFCE000A5B07 /* darkmodeBootcamp.swift */; };
		E9C0122F2AFBFCD5000A5B07 /* markups&documentationsBootCamp.swift in Sources */ = {isa = PBXBuildFile; fileRef = E9C0122E2AFBFCD5000A5B07 /* markups&documentationsBootCamp.swift */; };
		E9C0E60D2B122E60004A36B5 /* ScrollViewReaderBootCamp.swift in Sources */ = {isa = PBXBuildFile; fileRef = E9C0E60C2B122E60004A36B5 /* ScrollViewReaderBootCamp.swift */; };
		E9C169112AFA4608008408FE /* toggleBootcamp.swift in Sources */ = {isa = PBXBuildFile; fileRef = E9C169102AFA4608008408FE /* toggleBootcamp.swift */; };
		E9C169132AFA4FEA008408FE /* pickerToggleBootcamp.swift in Sources */ = {isa = PBXBuildFile; fileRef = E9C169122AFA4FEA008408FE /* pickerToggleBootcamp.swift */; };
		E9C361532AF8D71300A0F7CB /* actionsheetBootcamp.swift in Sources */ = {isa = PBXBuildFile; fileRef = E9C361522AF8D71300A0F7CB /* actionsheetBootcamp.swift */; };
		E9C75B452B11C0B20064C4F7 /* DragGestureBootcamp2.swift in Sources */ = {isa = PBXBuildFile; fileRef = E9C75B442B11C0B20064C4F7 /* DragGestureBootcamp2.swift */; };
		E9CBA0FF2AF36E5B00652FDA /* TernaryOperators.swift in Sources */ = {isa = PBXBuildFile; fileRef = E9CBA0FE2AF36E5B00652FDA /* TernaryOperators.swift */; };
		E9CBA1002AF36E5C00652FDA /* TernaryOperators.swift in Sources */ = {isa = PBXBuildFile; fileRef = E9CBA0FE2AF36E5B00652FDA /* TernaryOperators.swift */; };
		E9CBA1022AF3744700652FDA /* animationBootcamp.swift in Sources */ = {isa = PBXBuildFile; fileRef = E9CBA1012AF3744700652FDA /* animationBootcamp.swift */; };
		E9CBA1032AF3744700652FDA /* animationBootcamp.swift in Sources */ = {isa = PBXBuildFile; fileRef = E9CBA1012AF3744700652FDA /* animationBootcamp.swift */; };
		E9CBB4802AE921260080BD6D /* backgroundandoverlay.swift in Sources */ = {isa = PBXBuildFile; fileRef = E9CBB47F2AE921260080BD6D /* backgroundandoverlay.swift */; };
		E9CBB4812AE921260080BD6D /* backgroundandoverlay.swift in Sources */ = {isa = PBXBuildFile; fileRef = E9CBB47F2AE921260080BD6D /* backgroundandoverlay.swift */; };
		E9CBB4832AE936850080BD6D /* StacksVHZ.swift in Sources */ = {isa = PBXBuildFile; fileRef = E9CBB4822AE936850080BD6D /* StacksVHZ.swift */; };
		E9CBB4842AE936850080BD6D /* StacksVHZ.swift in Sources */ = {isa = PBXBuildFile; fileRef = E9CBB4822AE936850080BD6D /* StacksVHZ.swift */; };
		E9CDDF5A2AFB831E0009920F /* SliderBootcamp.swift in Sources */ = {isa = PBXBuildFile; fileRef = E9CDDF592AFB831E0009920F /* SliderBootcamp.swift */; };
		E9D0326A2AFBAF0C00913A88 /* tabBarViewPageViewBootcamp.swift in Sources */ = {isa = PBXBuildFile; fileRef = E9D032692AFBAF0B00913A88 /* tabBarViewPageViewBootcamp.swift */; };
		E9D14EA82B0143CA00A0BAAB /* EnviromentObjectBootcamp.swift in Sources */ = {isa = PBXBuildFile; fileRef = E9D14EA72B0143CA00A0BAAB /* EnviromentObjectBootcamp.swift */; };
		E9D46D542AEADBF300D111C1 /* forEachBootcamp.swift in Sources */ = {isa = PBXBuildFile; fileRef = E9D46D532AEADBF300D111C1 /* forEachBootcamp.swift */; };
		E9D46D552AEADBF300D111C1 /* forEachBootcamp.swift in Sources */ = {isa = PBXBuildFile; fileRef = E9D46D532AEADBF300D111C1 /* forEachBootcamp.swift */; };
		E9DBF2A52B184B99007BEA8A /* multipleSheet.swift in Sources */ = {isa = PBXBuildFile; fileRef = E9DBF2A42B184B99007BEA8A /* multipleSheet.swift */; };
		E9DBF2A72B18A54C007BEA8A /* maskingbootcaamp.swift in Sources */ = {isa = PBXBuildFile; fileRef = E9DBF2A62B18A54C007BEA8A /* maskingbootcaamp.swift */; };
		E9DBF2A92B18CA3C007BEA8A /* SoundBootCamp.swift in Sources */ = {isa = PBXBuildFile; fileRef = E9DBF2A82B18CA3C007BEA8A /* SoundBootCamp.swift */; };
		E9DF12DD2AF50E1A006B47EE /* sheetBootcamp.swift in Sources */ = {isa = PBXBuildFile; fileRef = E9DF12DC2AF50E1A006B47EE /* sheetBootcamp.swift */; };
		E9DFD6DB2B04BA01009D684F /* LongPressGestureBootcamp.swift in Sources */ = {isa = PBXBuildFile; fileRef = E9DFD6DA2B04BA01009D684F /* LongPressGestureBootcamp.swift */; };
		E9E0649B2B13237200F9F994 /* GeometryReaderBootcamp.swift in Sources */ = {isa = PBXBuildFile; fileRef = E9E0649A2B13237200F9F994 /* GeometryReaderBootcamp.swift */; };
		E9E40E812AF0CA8300D0EB1E /* ExtractSubViewBootcamp.swift in Sources */ = {isa = PBXBuildFile; fileRef = E9E40E802AF0CA8300D0EB1E /* ExtractSubViewBootcamp.swift */; };
		E9E40E822AF0CA8300D0EB1E /* ExtractSubViewBootcamp.swift in Sources */ = {isa = PBXBuildFile; fileRef = E9E40E802AF0CA8300D0EB1E /* ExtractSubViewBootcamp.swift */; };
		E9E40E842AF0DFB200D0EB1E /* bindingBootcamp.swift in Sources */ = {isa = PBXBuildFile; fileRef = E9E40E832AF0DFB200D0EB1E /* bindingBootcamp.swift */; };
		E9E40E852AF0DFB200D0EB1E /* bindingBootcamp.swift in Sources */ = {isa = PBXBuildFile; fileRef = E9E40E832AF0DFB200D0EB1E /* bindingBootcamp.swift */; };
		E9E40E872AF0E64B00D0EB1E /* Conditionallogic.swift in Sources */ = {isa = PBXBuildFile; fileRef = E9E40E862AF0E64B00D0EB1E /* Conditionallogic.swift */; };
		E9E40E882AF0E64B00D0EB1E /* Conditionallogic.swift in Sources */ = {isa = PBXBuildFile; fileRef = E9E40E862AF0E64B00D0EB1E /* Conditionallogic.swift */; };
		E9E69DA12AE9A0890023CBE7 /* paddingBootcamp.swift in Sources */ = {isa = PBXBuildFile; fileRef = E9E69DA02AE9A0890023CBE7 /* paddingBootcamp.swift */; };
		E9E69DA22AE9A0890023CBE7 /* paddingBootcamp.swift in Sources */ = {isa = PBXBuildFile; fileRef = E9E69DA02AE9A0890023CBE7 /* paddingBootcamp.swift */; };
		E9E875032AFCFAF20030FF7A /* ifletGUardBootcamp.swift in Sources */ = {isa = PBXBuildFile; fileRef = E9E875022AFCFAF20030FF7A /* ifletGUardBootcamp.swift */; };
		E9E875052AFD06650030FF7A /* TapGestureBootCamp.swift in Sources */ = {isa = PBXBuildFile; fileRef = E9E875042AFD06650030FF7A /* TapGestureBootCamp.swift */; };
		E9EA5C292B343CF100623BD5 /* ListTest.swift in Sources */ = {isa = PBXBuildFile; fileRef = E9EA5C282B343CF100623BD5 /* ListTest.swift */; };
		E9EF12252B31C24300BA2AEB /* ArraysBootcamp.swift in Sources */ = {isa = PBXBuildFile; fileRef = E9EF12242B31C24300BA2AEB /* ArraysBootcamp.swift */; };
		E9F542112AF3CB4D0095885C /* animationtimingBootcamp.swift in Sources */ = {isa = PBXBuildFile; fileRef = E9F542102AF3CB4D0095885C /* animationtimingBootcamp.swift */; };
		E9F542122AF3CB4D0095885C /* animationtimingBootcamp.swift in Sources */ = {isa = PBXBuildFile; fileRef = E9F542102AF3CB4D0095885C /* animationtimingBootcamp.swift */; };
		E9F542142AF3CFF80095885C /* transitionBootcamp.swift in Sources */ = {isa = PBXBuildFile; fileRef = E9F542132AF3CFF80095885C /* transitionBootcamp.swift */; };
		E9F542152AF3CFF80095885C /* transitionBootcamp.swift in Sources */ = {isa = PBXBuildFile; fileRef = E9F542132AF3CFF80095885C /* transitionBootcamp.swift */; };
		E9F71C162AF5F4A700BB9CB3 /* NavigationViewBootcamp.swift in Sources */ = {isa = PBXBuildFile; fileRef = E9F71C152AF5F4A700BB9CB3 /* NavigationViewBootcamp.swift */; };
		E9F7BB192B0671DC002D9B52 /* MagnificationGestureBootCamp.swift in Sources */ = {isa = PBXBuildFile; fileRef = E9F7BB182B0671DC002D9B52 /* MagnificationGestureBootCamp.swift */; };
		E9F7BB1B2B0684A9002D9B52 /* RotationGestureBootCamp.swift in Sources */ = {isa = PBXBuildFile; fileRef = E9F7BB1A2B0684A9002D9B52 /* RotationGestureBootCamp.swift */; };
		E9F7BB1D2B068C10002D9B52 /* DragGestureBootCamp.swift in Sources */ = {isa = PBXBuildFile; fileRef = E9F7BB1C2B068C10002D9B52 /* DragGestureBootCamp.swift */; };
		E9FA37EE2AFB49E200339FA8 /* colorPickerBootcamp.swift in Sources */ = {isa = PBXBuildFile; fileRef = E9FA37ED2AFB49E200339FA8 /* colorPickerBootcamp.swift */; };
		E9FA37F02AFB5D2A00339FA8 /* datePickerBootCamp.swift in Sources */ = {isa = PBXBuildFile; fileRef = E9FA37EF2AFB5D2A00339FA8 /* datePickerBootCamp.swift */; };
		E9FA37F22AFB741F00339FA8 /* stepperBootCamp.swift in Sources */ = {isa = PBXBuildFile; fileRef = E9FA37F12AFB741F00339FA8 /* stepperBootCamp.swift */; };
		E9FBBE5E2AEA8EDD009489A3 /* init_enums_Bootcamp.swift in Sources */ = {isa = PBXBuildFile; fileRef = E9FBBE5D2AEA8EDC009489A3 /* init_enums_Bootcamp.swift */; };
		E9FBBE5F2AEA8EDD009489A3 /* init_enums_Bootcamp.swift in Sources */ = {isa = PBXBuildFile; fileRef = E9FBBE5D2AEA8EDC009489A3 /* init_enums_Bootcamp.swift */; };
		E9FF0FB82AECFE7D00B0834B /* safeareaBootcamp.swift in Sources */ = {isa = PBXBuildFile; fileRef = E9FF0FB72AECFE7D00B0834B /* safeareaBootcamp.swift */; };
		E9FF0FB92AECFE7D00B0834B /* safeareaBootcamp.swift in Sources */ = {isa = PBXBuildFile; fileRef = E9FF0FB72AECFE7D00B0834B /* safeareaBootcamp.swift */; };
/* End PBXBuildFile section */

/* Begin PBXFileReference section */
		E90891B72AFA1337005D41CC /* texteditorbootcamp.swift */ = {isa = PBXFileReference; lastKnownFileType = sourcecode.swift; path = texteditorbootcamp.swift; sourceTree = "<group>"; };
		E90DA69B2AE8D5AA00D6BFA2 /* framesBootcamp.swift */ = {isa = PBXFileReference; lastKnownFileType = sourcecode.swift; path = framesBootcamp.swift; sourceTree = "<group>"; };
		E93394872B1E48EB00900CA0 /* animation_task1.swift */ = {isa = PBXFileReference; lastKnownFileType = sourcecode.swift; path = animation_task1.swift; sourceTree = "<group>"; };
		E939381A2AEA639200006D6F /* spacerboocamp.swift */ = {isa = PBXFileReference; lastKnownFileType = sourcecode.swift; path = spacerboocamp.swift; sourceTree = "<group>"; };
		E95396E72AF8B0EF003B4355 /* AlertBootCamp.swift */ = {isa = PBXFileReference; lastKnownFileType = sourcecode.swift; path = AlertBootCamp.swift; sourceTree = "<group>"; };
		E9547B822AFF33CB003FE19B /* ModelViewBootcamp.swift */ = {isa = PBXFileReference; lastKnownFileType = sourcecode.swift; path = ModelViewBootcamp.swift; sourceTree = "<group>"; };
		E9547B842AFF5BC6003FE19B /* ViewMOdel.swift */ = {isa = PBXFileReference; lastKnownFileType = sourcecode.swift; path = ViewMOdel.swift; sourceTree = "<group>"; };
		E96E33F02B2C7ED800F9A8D6 /* hashableBootcamp.swift */ = {isa = PBXFileReference; lastKnownFileType = sourcecode.swift; path = hashableBootcamp.swift; sourceTree = "<group>"; };
		E99AAEA62B0F0F9B002C4A4A /* Wifi_animation.swift */ = {isa = PBXFileReference; lastKnownFileType = sourcecode.swift; path = Wifi_animation.swift; sourceTree = "<group>"; };
		E99F554F2AF9387E00357910 /* TextFieldBootCamp.swift */ = {isa = PBXFileReference; lastKnownFileType = sourcecode.swift; path = TextFieldBootCamp.swift; sourceTree = "<group>"; };
		E9A1C41D2AED314900292D37 /* ButtonsBootcamp.swift */ = {isa = PBXFileReference; lastKnownFileType = sourcecode.swift; path = ButtonsBootcamp.swift; sourceTree = "<group>"; };
		E9A1C4202AED379300292D37 /* StateBootcamp.swift */ = {isa = PBXFileReference; lastKnownFileType = sourcecode.swift; path = StateBootcamp.swift; sourceTree = "<group>"; };
		E9A1C4232AED542E00292D37 /* FuncViewExtraction.swift */ = {isa = PBXFileReference; lastKnownFileType = sourcecode.swift; path = FuncViewExtraction.swift; sourceTree = "<group>"; };
		E9A296B72B316441003768A8 /* SwiftUIView.swift */ = {isa = PBXFileReference; lastKnownFileType = sourcecode.swift; path = SwiftUIView.swift; sourceTree = "<group>"; };
		E9A35D582AFCEC2B00DE6335 /* onApperBootcamp.swift */ = {isa = PBXFileReference; lastKnownFileType = sourcecode.swift; path = onApperBootcamp.swift; sourceTree = "<group>"; };
		E9A3FFCE2AF91BCB00A327DE /* ContextMenuBootcamp.swift */ = {isa = PBXFileReference; lastKnownFileType = sourcecode.swift; path = ContextMenuBootcamp.swift; sourceTree = "<group>"; };
		E9A606D22AF517DC005BB0EE /* popOverBootcamp.swift */ = {isa = PBXFileReference; lastKnownFileType = sourcecode.swift; path = popOverBootcamp.swift; sourceTree = "<group>"; };
		E9AFAE752AFA90B7000AF0F5 /* dancingdots.swift */ = {isa = PBXFileReference; lastKnownFileType = sourcecode.swift; path = dancingdots.swift; sourceTree = "<group>"; };
		E9B1950E2AEC121200EFCD57 /* LazyVStackBootcamp.swift */ = {isa = PBXFileReference; lastKnownFileType = sourcecode.swift; path = LazyVStackBootcamp.swift; sourceTree = "<group>"; };
		E9B239142B3305E9000D37DA /* SpeechSynth.swift */ = {isa = PBXFileReference; lastKnownFileType = sourcecode.swift; path = SpeechSynth.swift; sourceTree = "<group>"; };
		E9B239162B331113000D37DA /* Bookwork1.swift */ = {isa = PBXFileReference; lastKnownFileType = sourcecode.swift; path = Bookwork1.swift; sourceTree = "<group>"; };
		E9B777572B20A0A70010D6DE /* hapticsBootcamp.swift */ = {isa = PBXFileReference; lastKnownFileType = sourcecode.swift; path = hapticsBootcamp.swift; sourceTree = "<group>"; };
		E9B777592B20B6570010D6DE /* LocalNotificationPushBootcamp.swift */ = {isa = PBXFileReference; lastKnownFileType = sourcecode.swift; path = LocalNotificationPushBootcamp.swift; sourceTree = "<group>"; };
		E9BC40FD2AE8BEF6001EB815 /* BootCampApp.swift */ = {isa = PBXFileReference; lastKnownFileType = sourcecode.swift; path = BootCampApp.swift; sourceTree = "<group>"; };
		E9BC40FE2AE8BEF6001EB815 /* colorGradient.swift */ = {isa = PBXFileReference; lastKnownFileType = sourcecode.swift; path = colorGradient.swift; sourceTree = "<group>"; };
		E9BC40FF2AE8BF02001EB815 /* Assets.xcassets */ = {isa = PBXFileReference; lastKnownFileType = folder.assetcatalog; path = Assets.xcassets; sourceTree = "<group>"; };
		E9BC41042AE8BF02001EB815 /* BootCamp.app */ = {isa = PBXFileReference; explicitFileType = wrapper.application; includeInIndex = 0; path = BootCamp.app; sourceTree = BUILT_PRODUCTS_DIR; };
		E9BC410A2AE8BF02001EB815 /* BootCamp.app */ = {isa = PBXFileReference; explicitFileType = wrapper.application; includeInIndex = 0; path = BootCamp.app; sourceTree = BUILT_PRODUCTS_DIR; };
		E9BC410C2AE8BF02001EB815 /* macOS.entitlements */ = {isa = PBXFileReference; lastKnownFileType = text.plist.entitlements; path = macOS.entitlements; sourceTree = "<group>"; };
		E9BE64DF2AF8821400E07F48 /* ListBootcamp.swift */ = {isa = PBXFileReference; lastKnownFileType = sourcecode.swift; path = ListBootcamp.swift; sourceTree = "<group>"; };
		E9BFEC1B2AEB857900936621 /* ScrollViewBootcamp.swift */ = {isa = PBXFileReference; lastKnownFileType = sourcecode.swift; path = ScrollViewBootcamp.swift; sourceTree = "<group>"; };
		E9C0122C2AFBEFCE000A5B07 /* darkmodeBootcamp.swift */ = {isa = PBXFileReference; lastKnownFileType = sourcecode.swift; path = darkmodeBootcamp.swift; sourceTree = "<group>"; };
		E9C0122E2AFBFCD5000A5B07 /* markups&documentationsBootCamp.swift */ = {isa = PBXFileReference; lastKnownFileType = sourcecode.swift; path = "markups&documentationsBootCamp.swift"; sourceTree = "<group>"; };
		E9C0E60C2B122E60004A36B5 /* ScrollViewReaderBootCamp.swift */ = {isa = PBXFileReference; lastKnownFileType = sourcecode.swift; path = ScrollViewReaderBootCamp.swift; sourceTree = "<group>"; };
		E9C169102AFA4608008408FE /* toggleBootcamp.swift */ = {isa = PBXFileReference; lastKnownFileType = sourcecode.swift; path = toggleBootcamp.swift; sourceTree = "<group>"; };
		E9C169122AFA4FEA008408FE /* pickerToggleBootcamp.swift */ = {isa = PBXFileReference; lastKnownFileType = sourcecode.swift; path = pickerToggleBootcamp.swift; sourceTree = "<group>"; };
		E9C361522AF8D71300A0F7CB /* actionsheetBootcamp.swift */ = {isa = PBXFileReference; lastKnownFileType = sourcecode.swift; path = actionsheetBootcamp.swift; sourceTree = "<group>"; };
		E9C75B442B11C0B20064C4F7 /* DragGestureBootcamp2.swift */ = {isa = PBXFileReference; lastKnownFileType = sourcecode.swift; path = DragGestureBootcamp2.swift; sourceTree = "<group>"; };
		E9CBA0FE2AF36E5B00652FDA /* TernaryOperators.swift */ = {isa = PBXFileReference; lastKnownFileType = sourcecode.swift; path = TernaryOperators.swift; sourceTree = "<group>"; };
		E9CBA1012AF3744700652FDA /* animationBootcamp.swift */ = {isa = PBXFileReference; lastKnownFileType = sourcecode.swift; path = animationBootcamp.swift; sourceTree = "<group>"; };
		E9CBB47F2AE921260080BD6D /* backgroundandoverlay.swift */ = {isa = PBXFileReference; lastKnownFileType = sourcecode.swift; path = backgroundandoverlay.swift; sourceTree = "<group>"; };
		E9CBB4822AE936850080BD6D /* StacksVHZ.swift */ = {isa = PBXFileReference; lastKnownFileType = sourcecode.swift; path = StacksVHZ.swift; sourceTree = "<group>"; };
		E9CDDF592AFB831E0009920F /* SliderBootcamp.swift */ = {isa = PBXFileReference; lastKnownFileType = sourcecode.swift; path = SliderBootcamp.swift; sourceTree = "<group>"; };
		E9D032692AFBAF0B00913A88 /* tabBarViewPageViewBootcamp.swift */ = {isa = PBXFileReference; lastKnownFileType = sourcecode.swift; path = tabBarViewPageViewBootcamp.swift; sourceTree = "<group>"; };
		E9D14EA72B0143CA00A0BAAB /* EnviromentObjectBootcamp.swift */ = {isa = PBXFileReference; lastKnownFileType = sourcecode.swift; path = EnviromentObjectBootcamp.swift; sourceTree = "<group>"; };
		E9D46D532AEADBF300D111C1 /* forEachBootcamp.swift */ = {isa = PBXFileReference; lastKnownFileType = sourcecode.swift; path = forEachBootcamp.swift; sourceTree = "<group>"; };
		E9DBF2A42B184B99007BEA8A /* multipleSheet.swift */ = {isa = PBXFileReference; lastKnownFileType = sourcecode.swift; path = multipleSheet.swift; sourceTree = "<group>"; };
		E9DBF2A62B18A54C007BEA8A /* maskingbootcaamp.swift */ = {isa = PBXFileReference; lastKnownFileType = sourcecode.swift; path = maskingbootcaamp.swift; sourceTree = "<group>"; };
		E9DBF2A82B18CA3C007BEA8A /* SoundBootCamp.swift */ = {isa = PBXFileReference; lastKnownFileType = sourcecode.swift; path = SoundBootCamp.swift; sourceTree = "<group>"; };
		E9DF12DC2AF50E1A006B47EE /* sheetBootcamp.swift */ = {isa = PBXFileReference; lastKnownFileType = sourcecode.swift; path = sheetBootcamp.swift; sourceTree = "<group>"; };
		E9DFD6DA2B04BA01009D684F /* LongPressGestureBootcamp.swift */ = {isa = PBXFileReference; lastKnownFileType = sourcecode.swift; path = LongPressGestureBootcamp.swift; sourceTree = "<group>"; };
		E9E0649A2B13237200F9F994 /* GeometryReaderBootcamp.swift */ = {isa = PBXFileReference; lastKnownFileType = sourcecode.swift; path = GeometryReaderBootcamp.swift; sourceTree = "<group>"; };
		E9E40E802AF0CA8300D0EB1E /* ExtractSubViewBootcamp.swift */ = {isa = PBXFileReference; lastKnownFileType = sourcecode.swift; path = ExtractSubViewBootcamp.swift; sourceTree = "<group>"; xcLanguageSpecificationIdentifier = xcode.lang.swift; };
		E9E40E832AF0DFB200D0EB1E /* bindingBootcamp.swift */ = {isa = PBXFileReference; lastKnownFileType = sourcecode.swift; path = bindingBootcamp.swift; sourceTree = "<group>"; };
		E9E40E862AF0E64B00D0EB1E /* Conditionallogic.swift */ = {isa = PBXFileReference; lastKnownFileType = sourcecode.swift; path = Conditionallogic.swift; sourceTree = "<group>"; };
		E9E69DA02AE9A0890023CBE7 /* paddingBootcamp.swift */ = {isa = PBXFileReference; lastKnownFileType = sourcecode.swift; path = paddingBootcamp.swift; sourceTree = "<group>"; };
		E9E875022AFCFAF20030FF7A /* ifletGUardBootcamp.swift */ = {isa = PBXFileReference; lastKnownFileType = sourcecode.swift; path = ifletGUardBootcamp.swift; sourceTree = "<group>"; };
		E9E875042AFD06650030FF7A /* TapGestureBootCamp.swift */ = {isa = PBXFileReference; lastKnownFileType = sourcecode.swift; path = TapGestureBootCamp.swift; sourceTree = "<group>"; };
		E9EA5C282B343CF100623BD5 /* ListTest.swift */ = {isa = PBXFileReference; lastKnownFileType = sourcecode.swift; path = ListTest.swift; sourceTree = "<group>"; };
		E9EF12242B31C24300BA2AEB /* ArraysBootcamp.swift */ = {isa = PBXFileReference; lastKnownFileType = sourcecode.swift; path = ArraysBootcamp.swift; sourceTree = "<group>"; };
		E9F542102AF3CB4D0095885C /* animationtimingBootcamp.swift */ = {isa = PBXFileReference; lastKnownFileType = sourcecode.swift; path = animationtimingBootcamp.swift; sourceTree = "<group>"; };
		E9F542132AF3CFF80095885C /* transitionBootcamp.swift */ = {isa = PBXFileReference; lastKnownFileType = sourcecode.swift; path = transitionBootcamp.swift; sourceTree = "<group>"; };
		E9F71C152AF5F4A700BB9CB3 /* NavigationViewBootcamp.swift */ = {isa = PBXFileReference; lastKnownFileType = sourcecode.swift; path = NavigationViewBootcamp.swift; sourceTree = "<group>"; };
		E9F7BB182B0671DC002D9B52 /* MagnificationGestureBootCamp.swift */ = {isa = PBXFileReference; lastKnownFileType = sourcecode.swift; path = MagnificationGestureBootCamp.swift; sourceTree = "<group>"; };
		E9F7BB1A2B0684A9002D9B52 /* RotationGestureBootCamp.swift */ = {isa = PBXFileReference; lastKnownFileType = sourcecode.swift; path = RotationGestureBootCamp.swift; sourceTree = "<group>"; };
		E9F7BB1C2B068C10002D9B52 /* DragGestureBootCamp.swift */ = {isa = PBXFileReference; lastKnownFileType = sourcecode.swift; path = DragGestureBootCamp.swift; sourceTree = "<group>"; };
		E9FA37ED2AFB49E200339FA8 /* colorPickerBootcamp.swift */ = {isa = PBXFileReference; lastKnownFileType = sourcecode.swift; path = colorPickerBootcamp.swift; sourceTree = "<group>"; };
		E9FA37EF2AFB5D2A00339FA8 /* datePickerBootCamp.swift */ = {isa = PBXFileReference; lastKnownFileType = sourcecode.swift; path = datePickerBootCamp.swift; sourceTree = "<group>"; };
		E9FA37F12AFB741F00339FA8 /* stepperBootCamp.swift */ = {isa = PBXFileReference; lastKnownFileType = sourcecode.swift; path = stepperBootCamp.swift; sourceTree = "<group>"; };
		E9FBBE5D2AEA8EDC009489A3 /* init_enums_Bootcamp.swift */ = {isa = PBXFileReference; lastKnownFileType = sourcecode.swift; path = init_enums_Bootcamp.swift; sourceTree = "<group>"; };
		E9FF0FB72AECFE7D00B0834B /* safeareaBootcamp.swift */ = {isa = PBXFileReference; lastKnownFileType = sourcecode.swift; path = safeareaBootcamp.swift; sourceTree = "<group>"; };
/* End PBXFileReference section */

/* Begin PBXFrameworksBuildPhase section */
		E9BC41012AE8BF02001EB815 /* Frameworks */ = {
			isa = PBXFrameworksBuildPhase;
			buildActionMask = 2147483647;
			files = (
			);
			runOnlyForDeploymentPostprocessing = 0;
		};
		E9BC41072AE8BF02001EB815 /* Frameworks */ = {
			isa = PBXFrameworksBuildPhase;
			buildActionMask = 2147483647;
			files = (
			);
			runOnlyForDeploymentPostprocessing = 0;
		};
/* End PBXFrameworksBuildPhase section */

/* Begin PBXGroup section */
		E99AAEA82B0F0FA3002C4A4A /* Animations */ = {
			isa = PBXGroup;
			children = (
				E99AAEA62B0F0F9B002C4A4A /* Wifi_animation.swift */,
			);
			path = Animations;
			sourceTree = "<group>";
		};
		E9BC40F72AE8BEF4001EB815 = {
			isa = PBXGroup;
			children = (
				E96E33F02B2C7ED800F9A8D6 /* hashableBootcamp.swift */,
				E9A296B72B316441003768A8 /* SwiftUIView.swift */,
				E9DBF2A42B184B99007BEA8A /* multipleSheet.swift */,
				E9DBF2A62B18A54C007BEA8A /* maskingbootcaamp.swift */,
				E9DBF2A82B18CA3C007BEA8A /* SoundBootCamp.swift */,
				E9BC40FC2AE8BEF6001EB815 /* Shared */,
				E9BC410B2AE8BF02001EB815 /* macOS */,
				E9BC41052AE8BF02001EB815 /* Products */,
			);
			sourceTree = "<group>";
		};
		E9BC40FC2AE8BEF6001EB815 /* Shared */ = {
			isa = PBXGroup;
			children = (
				E9BC40FD2AE8BEF6001EB815 /* BootCampApp.swift */,
				E9EF12242B31C24300BA2AEB /* ArraysBootcamp.swift */,
				E9B239142B3305E9000D37DA /* SpeechSynth.swift */,
				E9BC40FE2AE8BEF6001EB815 /* colorGradient.swift */,
				E90DA69B2AE8D5AA00D6BFA2 /* framesBootcamp.swift */,
				E9CBB47F2AE921260080BD6D /* backgroundandoverlay.swift */,
				E9CBB4822AE936850080BD6D /* StacksVHZ.swift */,
				E9E69DA02AE9A0890023CBE7 /* paddingBootcamp.swift */,
				E939381A2AEA639200006D6F /* spacerboocamp.swift */,
				E93394872B1E48EB00900CA0 /* animation_task1.swift */,
				E9B777572B20A0A70010D6DE /* hapticsBootcamp.swift */,
				E9B777592B20B6570010D6DE /* LocalNotificationPushBootcamp.swift */,
				E9FBBE5D2AEA8EDC009489A3 /* init_enums_Bootcamp.swift */,
				E9D46D532AEADBF300D111C1 /* forEachBootcamp.swift */,
				E9BFEC1B2AEB857900936621 /* ScrollViewBootcamp.swift */,
				E9B1950E2AEC121200EFCD57 /* LazyVStackBootcamp.swift */,
				E9FF0FB72AECFE7D00B0834B /* safeareaBootcamp.swift */,
				E9DFD6DA2B04BA01009D684F /* LongPressGestureBootcamp.swift */,
				E9A1C41D2AED314900292D37 /* ButtonsBootcamp.swift */,
				E9A1C4202AED379300292D37 /* StateBootcamp.swift */,
				E9A1C4232AED542E00292D37 /* FuncViewExtraction.swift */,
				E9BC40FF2AE8BF02001EB815 /* Assets.xcassets */,
				E9E40E802AF0CA8300D0EB1E /* ExtractSubViewBootcamp.swift */,
				E9E40E832AF0DFB200D0EB1E /* bindingBootcamp.swift */,
				E9E40E862AF0E64B00D0EB1E /* Conditionallogic.swift */,
				E9CBA0FE2AF36E5B00652FDA /* TernaryOperators.swift */,
				E9F542102AF3CB4D0095885C /* animationtimingBootcamp.swift */,
				E9F542132AF3CFF80095885C /* transitionBootcamp.swift */,
				E9DF12DC2AF50E1A006B47EE /* sheetBootcamp.swift */,
				E9A606D22AF517DC005BB0EE /* popOverBootcamp.swift */,
				E9F71C152AF5F4A700BB9CB3 /* NavigationViewBootcamp.swift */,
				E9BE64DF2AF8821400E07F48 /* ListBootcamp.swift */,
				E95396E72AF8B0EF003B4355 /* AlertBootCamp.swift */,
				E9C361522AF8D71300A0F7CB /* actionsheetBootcamp.swift */,
				E9A3FFCE2AF91BCB00A327DE /* ContextMenuBootcamp.swift */,
				E99F554F2AF9387E00357910 /* TextFieldBootCamp.swift */,
				E90891B72AFA1337005D41CC /* texteditorbootcamp.swift */,
				E9C169102AFA4608008408FE /* toggleBootcamp.swift */,
				E9C169122AFA4FEA008408FE /* pickerToggleBootcamp.swift */,
				E9FA37ED2AFB49E200339FA8 /* colorPickerBootcamp.swift */,
				E9CBA1012AF3744700652FDA /* animationBootcamp.swift */,
				E9FA37EF2AFB5D2A00339FA8 /* datePickerBootCamp.swift */,
				E9FA37F12AFB741F00339FA8 /* stepperBootCamp.swift */,
				E9CDDF592AFB831E0009920F /* SliderBootcamp.swift */,
				E9D032692AFBAF0B00913A88 /* tabBarViewPageViewBootcamp.swift */,
				E9F7BB182B0671DC002D9B52 /* MagnificationGestureBootCamp.swift */,
				E9F7BB1A2B0684A9002D9B52 /* RotationGestureBootCamp.swift */,
				E9F7BB1C2B068C10002D9B52 /* DragGestureBootCamp.swift */,
				E9C75B442B11C0B20064C4F7 /* DragGestureBootcamp2.swift */,
				E9C0E60C2B122E60004A36B5 /* ScrollViewReaderBootCamp.swift */,
				E9E0649A2B13237200F9F994 /* GeometryReaderBootcamp.swift */,
				E99AAEA82B0F0FA3002C4A4A /* Animations */,
				E9C0122C2AFBEFCE000A5B07 /* darkmodeBootcamp.swift */,
				E9C0122E2AFBFCD5000A5B07 /* markups&documentationsBootCamp.swift */,
				E9A35D582AFCEC2B00DE6335 /* onApperBootcamp.swift */,
				E9E875022AFCFAF20030FF7A /* ifletGUardBootcamp.swift */,
				E9E875042AFD06650030FF7A /* TapGestureBootCamp.swift */,
				E9547B822AFF33CB003FE19B /* ModelViewBootcamp.swift */,
				E9547B842AFF5BC6003FE19B /* ViewMOdel.swift */,
				E9D14EA72B0143CA00A0BAAB /* EnviromentObjectBootcamp.swift */,
				E9AFAE752AFA90B7000AF0F5 /* dancingdots.swift */,
				E9B239162B331113000D37DA /* Bookwork1.swift */,
				E9EA5C282B343CF100623BD5 /* ListTest.swift */,
			);
			path = Shared;
			sourceTree = "<group>";
		};
		E9BC41052AE8BF02001EB815 /* Products */ = {
			isa = PBXGroup;
			children = (
				E9BC41042AE8BF02001EB815 /* BootCamp.app */,
				E9BC410A2AE8BF02001EB815 /* BootCamp.app */,
			);
			name = Products;
			sourceTree = "<group>";
		};
		E9BC410B2AE8BF02001EB815 /* macOS */ = {
			isa = PBXGroup;
			children = (
				E9BC410C2AE8BF02001EB815 /* macOS.entitlements */,
			);
			path = macOS;
			sourceTree = "<group>";
		};
/* End PBXGroup section */

/* Begin PBXNativeTarget section */
		E9BC41032AE8BF02001EB815 /* BootCamp (iOS) */ = {
			isa = PBXNativeTarget;
			buildConfigurationList = E9BC41152AE8BF02001EB815 /* Build configuration list for PBXNativeTarget "BootCamp (iOS)" */;
			buildPhases = (
				E9BC41002AE8BF02001EB815 /* Sources */,
				E9BC41012AE8BF02001EB815 /* Frameworks */,
				E9BC41022AE8BF02001EB815 /* Resources */,
			);
			buildRules = (
			);
			dependencies = (
			);
			name = "BootCamp (iOS)";
			productName = "BootCamp (iOS)";
			productReference = E9BC41042AE8BF02001EB815 /* BootCamp.app */;
			productType = "com.apple.product-type.application";
		};
		E9BC41092AE8BF02001EB815 /* BootCamp (macOS) */ = {
			isa = PBXNativeTarget;
			buildConfigurationList = E9BC41182AE8BF02001EB815 /* Build configuration list for PBXNativeTarget "BootCamp (macOS)" */;
			buildPhases = (
				E9BC41062AE8BF02001EB815 /* Sources */,
				E9BC41072AE8BF02001EB815 /* Frameworks */,
				E9BC41082AE8BF02001EB815 /* Resources */,
			);
			buildRules = (
			);
			dependencies = (
			);
			name = "BootCamp (macOS)";
			productName = "BootCamp (macOS)";
			productReference = E9BC410A2AE8BF02001EB815 /* BootCamp.app */;
			productType = "com.apple.product-type.application";
		};
/* End PBXNativeTarget section */

/* Begin PBXProject section */
		E9BC40F82AE8BEF4001EB815 /* Project object */ = {
			isa = PBXProject;
			attributes = {
				BuildIndependentTargetsInParallel = 1;
				LastSwiftUpdateCheck = 1340;
				LastUpgradeCheck = 1420;
				TargetAttributes = {
					E9BC41032AE8BF02001EB815 = {
						CreatedOnToolsVersion = 13.4.1;
					};
					E9BC41092AE8BF02001EB815 = {
						CreatedOnToolsVersion = 13.4.1;
					};
				};
			};
			buildConfigurationList = E9BC40FB2AE8BEF4001EB815 /* Build configuration list for PBXProject "BootCamp" */;
			compatibilityVersion = "Xcode 13.0";
			developmentRegion = en;
			hasScannedForEncodings = 0;
			knownRegions = (
				en,
				Base,
			);
			mainGroup = E9BC40F72AE8BEF4001EB815;
			packageReferences = (
			);
			productRefGroup = E9BC41052AE8BF02001EB815 /* Products */;
			projectDirPath = "";
			projectRoot = "";
			targets = (
				E9BC41032AE8BF02001EB815 /* BootCamp (iOS) */,
				E9BC41092AE8BF02001EB815 /* BootCamp (macOS) */,
			);
		};
/* End PBXProject section */

/* Begin PBXResourcesBuildPhase section */
		E9BC41022AE8BF02001EB815 /* Resources */ = {
			isa = PBXResourcesBuildPhase;
			buildActionMask = 2147483647;
			files = (
				E9BC41112AE8BF02001EB815 /* Assets.xcassets in Resources */,
			);
			runOnlyForDeploymentPostprocessing = 0;
		};
		E9BC41082AE8BF02001EB815 /* Resources */ = {
			isa = PBXResourcesBuildPhase;
			buildActionMask = 2147483647;
			files = (
				E9BC41122AE8BF02001EB815 /* Assets.xcassets in Resources */,
			);
			runOnlyForDeploymentPostprocessing = 0;
		};
/* End PBXResourcesBuildPhase section */

/* Begin PBXSourcesBuildPhase section */
		E9BC41002AE8BF02001EB815 /* Sources */ = {
			isa = PBXSourcesBuildPhase;
			buildActionMask = 2147483647;
			files = (
				E9A606D32AF517DD005BB0EE /* popOverBootcamp.swift in Sources */,
				E9FA37EE2AFB49E200339FA8 /* colorPickerBootcamp.swift in Sources */,
				E9F7BB1D2B068C10002D9B52 /* DragGestureBootCamp.swift in Sources */,
				E9CBA0FF2AF36E5B00652FDA /* TernaryOperators.swift in Sources */,
				E9F7BB192B0671DC002D9B52 /* MagnificationGestureBootCamp.swift in Sources */,
				E9A1C4242AED542E00292D37 /* FuncViewExtraction.swift in Sources */,
				E9A1C4212AED379300292D37 /* StateBootcamp.swift in Sources */,
				E9B239172B331113000D37DA /* Bookwork1.swift in Sources */,
				E9A3FFCF2AF91BCB00A327DE /* ContextMenuBootcamp.swift in Sources */,
				E9DF12DD2AF50E1A006B47EE /* sheetBootcamp.swift in Sources */,
				E9D14EA82B0143CA00A0BAAB /* EnviromentObjectBootcamp.swift in Sources */,
				E9C169112AFA4608008408FE /* toggleBootcamp.swift in Sources */,
				E9DBF2A52B184B99007BEA8A /* multipleSheet.swift in Sources */,
				E9547B852AFF5BC6003FE19B /* ViewMOdel.swift in Sources */,
				E9E69DA12AE9A0890023CBE7 /* paddingBootcamp.swift in Sources */,
				E90DA69C2AE8D5AA00D6BFA2 /* framesBootcamp.swift in Sources */,
				E9BFEC1C2AEB857900936621 /* ScrollViewBootcamp.swift in Sources */,
				E9C361532AF8D71300A0F7CB /* actionsheetBootcamp.swift in Sources */,
				E9E875052AFD06650030FF7A /* TapGestureBootCamp.swift in Sources */,
				E96E33F12B2C7ED900F9A8D6 /* hashableBootcamp.swift in Sources */,
				E9BE64E02AF8821500E07F48 /* ListBootcamp.swift in Sources */,
				E9BC410F2AE8BF02001EB815 /* colorGradient.swift in Sources */,
				E99F55502AF9387E00357910 /* TextFieldBootCamp.swift in Sources */,
				E9EF12252B31C24300BA2AEB /* ArraysBootcamp.swift in Sources */,
				E9AFAE762AFA90B7000AF0F5 /* dancingdots.swift in Sources */,
				E9FA37F02AFB5D2A00339FA8 /* datePickerBootCamp.swift in Sources */,
				E9FBBE5E2AEA8EDD009489A3 /* init_enums_Bootcamp.swift in Sources */,
				E90891B82AFA1338005D41CC /* texteditorbootcamp.swift in Sources */,
				E9B777582B20A0A70010D6DE /* hapticsBootcamp.swift in Sources */,
				E9E875032AFCFAF20030FF7A /* ifletGUardBootcamp.swift in Sources */,
				E93394882B1E48EB00900CA0 /* animation_task1.swift in Sources */,
				E9A296B82B316441003768A8 /* SwiftUIView.swift in Sources */,
				E9E40E842AF0DFB200D0EB1E /* bindingBootcamp.swift in Sources */,
				E9CBB4802AE921260080BD6D /* backgroundandoverlay.swift in Sources */,
				E9C0E60D2B122E60004A36B5 /* ScrollViewReaderBootCamp.swift in Sources */,
				E9CDDF5A2AFB831E0009920F /* SliderBootcamp.swift in Sources */,
				E9DFD6DB2B04BA01009D684F /* LongPressGestureBootcamp.swift in Sources */,
				E99AAEA72B0F0F9B002C4A4A /* Wifi_animation.swift in Sources */,
				E9FF0FB82AECFE7D00B0834B /* safeareaBootcamp.swift in Sources */,
				E9CBA1022AF3744700652FDA /* animationBootcamp.swift in Sources */,
				E9B239152B3305EA000D37DA /* SpeechSynth.swift in Sources */,
				E9C75B452B11C0B20064C4F7 /* DragGestureBootcamp2.swift in Sources */,
				E95396E82AF8B0EF003B4355 /* AlertBootCamp.swift in Sources */,
				E9F542112AF3CB4D0095885C /* animationtimingBootcamp.swift in Sources */,
				E9DBF2A72B18A54C007BEA8A /* maskingbootcaamp.swift in Sources */,
				E9F542142AF3CFF80095885C /* transitionBootcamp.swift in Sources */,
				E9EA5C292B343CF100623BD5 /* ListTest.swift in Sources */,
				E9BC410D2AE8BF02001EB815 /* BootCampApp.swift in Sources */,
				E9DBF2A92B18CA3C007BEA8A /* SoundBootCamp.swift in Sources */,
				E9B1950F2AEC121300EFCD57 /* LazyVStackBootcamp.swift in Sources */,
				E9F71C162AF5F4A700BB9CB3 /* NavigationViewBootcamp.swift in Sources */,
				E9C169132AFA4FEA008408FE /* pickerToggleBootcamp.swift in Sources */,
				E939381B2AEA639200006D6F /* spacerboocamp.swift in Sources */,
				E9F7BB1B2B0684A9002D9B52 /* RotationGestureBootCamp.swift in Sources */,
				E9A35D592AFCEC2B00DE6335 /* onApperBootcamp.swift in Sources */,
				E9E0649B2B13237200F9F994 /* GeometryReaderBootcamp.swift in Sources */,
				E9D0326A2AFBAF0C00913A88 /* tabBarViewPageViewBootcamp.swift in Sources */,
				E9FA37F22AFB741F00339FA8 /* stepperBootCamp.swift in Sources */,
				E9B7775A2B20B6570010D6DE /* LocalNotificationPushBootcamp.swift in Sources */,
				E9E40E812AF0CA8300D0EB1E /* ExtractSubViewBootcamp.swift in Sources */,
				E9A1C41E2AED314900292D37 /* ButtonsBootcamp.swift in Sources */,
				E9E40E872AF0E64B00D0EB1E /* Conditionallogic.swift in Sources */,
				E9C0122D2AFBEFCE000A5B07 /* darkmodeBootcamp.swift in Sources */,
				E9547B832AFF33CB003FE19B /* ModelViewBootcamp.swift in Sources */,
				E9CBB4832AE936850080BD6D /* StacksVHZ.swift in Sources */,
				E9C0122F2AFBFCD5000A5B07 /* markups&documentationsBootCamp.swift in Sources */,
				E9D46D542AEADBF300D111C1 /* forEachBootcamp.swift in Sources */,
			);
			runOnlyForDeploymentPostprocessing = 0;
		};
		E9BC41062AE8BF02001EB815 /* Sources */ = {
			isa = PBXSourcesBuildPhase;
			buildActionMask = 2147483647;
			files = (
				E9CBA1002AF36E5C00652FDA /* TernaryOperators.swift in Sources */,
				E9A1C4252AED542E00292D37 /* FuncViewExtraction.swift in Sources */,
				E9A1C4222AED379300292D37 /* StateBootcamp.swift in Sources */,
				E9E69DA22AE9A0890023CBE7 /* paddingBootcamp.swift in Sources */,
				E90DA69D2AE8D5AA00D6BFA2 /* framesBootcamp.swift in Sources */,
				E9BFEC1D2AEB857900936621 /* ScrollViewBootcamp.swift in Sources */,
				E9BC41102AE8BF02001EB815 /* colorGradient.swift in Sources */,
				E9FBBE5F2AEA8EDD009489A3 /* init_enums_Bootcamp.swift in Sources */,
				E9E40E852AF0DFB200D0EB1E /* bindingBootcamp.swift in Sources */,
				E9CBB4812AE921260080BD6D /* backgroundandoverlay.swift in Sources */,
				E9FF0FB92AECFE7D00B0834B /* safeareaBootcamp.swift in Sources */,
				E9CBA1032AF3744700652FDA /* animationBootcamp.swift in Sources */,
				E9F542122AF3CB4D0095885C /* animationtimingBootcamp.swift in Sources */,
				E9F542152AF3CFF80095885C /* transitionBootcamp.swift in Sources */,
				E9BC410E2AE8BF02001EB815 /* BootCampApp.swift in Sources */,
				E9B195102AEC121300EFCD57 /* LazyVStackBootcamp.swift in Sources */,
				E939381C2AEA639200006D6F /* spacerboocamp.swift in Sources */,
				E9E40E822AF0CA8300D0EB1E /* ExtractSubViewBootcamp.swift in Sources */,
				E9A1C41F2AED314A00292D37 /* ButtonsBootcamp.swift in Sources */,
				E9E40E882AF0E64B00D0EB1E /* Conditionallogic.swift in Sources */,
				E9CBB4842AE936850080BD6D /* StacksVHZ.swift in Sources */,
				E9D46D552AEADBF300D111C1 /* forEachBootcamp.swift in Sources */,
			);
			runOnlyForDeploymentPostprocessing = 0;
		};
/* End PBXSourcesBuildPhase section */

/* Begin XCBuildConfiguration section */
		E9BC41132AE8BF02001EB815 /* Debug */ = {
			isa = XCBuildConfiguration;
			buildSettings = {
				ALWAYS_SEARCH_USER_PATHS = NO;
				CLANG_ANALYZER_NONNULL = YES;
				CLANG_ANALYZER_NUMBER_OBJECT_CONVERSION = YES_AGGRESSIVE;
				CLANG_CXX_LANGUAGE_STANDARD = "gnu++17";
				CLANG_ENABLE_MODULES = YES;
				CLANG_ENABLE_OBJC_ARC = YES;
				CLANG_ENABLE_OBJC_WEAK = YES;
				CLANG_WARN_BLOCK_CAPTURE_AUTORELEASING = YES;
				CLANG_WARN_BOOL_CONVERSION = YES;
				CLANG_WARN_COMMA = YES;
				CLANG_WARN_CONSTANT_CONVERSION = YES;
				CLANG_WARN_DEPRECATED_OBJC_IMPLEMENTATIONS = YES;
				CLANG_WARN_DIRECT_OBJC_ISA_USAGE = YES_ERROR;
				CLANG_WARN_DOCUMENTATION_COMMENTS = YES;
				CLANG_WARN_EMPTY_BODY = YES;
				CLANG_WARN_ENUM_CONVERSION = YES;
				CLANG_WARN_INFINITE_RECURSION = YES;
				CLANG_WARN_INT_CONVERSION = YES;
				CLANG_WARN_NON_LITERAL_NULL_CONVERSION = YES;
				CLANG_WARN_OBJC_IMPLICIT_RETAIN_SELF = YES;
				CLANG_WARN_OBJC_LITERAL_CONVERSION = YES;
				CLANG_WARN_OBJC_ROOT_CLASS = YES_ERROR;
				CLANG_WARN_QUOTED_INCLUDE_IN_FRAMEWORK_HEADER = YES;
				CLANG_WARN_RANGE_LOOP_ANALYSIS = YES;
				CLANG_WARN_STRICT_PROTOTYPES = YES;
				CLANG_WARN_SUSPICIOUS_MOVE = YES;
				CLANG_WARN_UNGUARDED_AVAILABILITY = YES_AGGRESSIVE;
				CLANG_WARN_UNREACHABLE_CODE = YES;
				CLANG_WARN__DUPLICATE_METHOD_MATCH = YES;
				COPY_PHASE_STRIP = NO;
				DEAD_CODE_STRIPPING = YES;
				DEBUG_INFORMATION_FORMAT = dwarf;
				ENABLE_STRICT_OBJC_MSGSEND = YES;
				ENABLE_TESTABILITY = YES;
				GCC_C_LANGUAGE_STANDARD = gnu11;
				GCC_DYNAMIC_NO_PIC = NO;
				GCC_NO_COMMON_BLOCKS = YES;
				GCC_OPTIMIZATION_LEVEL = 0;
				GCC_PREPROCESSOR_DEFINITIONS = (
					"DEBUG=1",
					"$(inherited)",
				);
				GCC_WARN_64_TO_32_BIT_CONVERSION = YES;
				GCC_WARN_ABOUT_RETURN_TYPE = YES_ERROR;
				GCC_WARN_UNDECLARED_SELECTOR = YES;
				GCC_WARN_UNINITIALIZED_AUTOS = YES_AGGRESSIVE;
				GCC_WARN_UNUSED_FUNCTION = YES;
				GCC_WARN_UNUSED_VARIABLE = YES;
				MTL_ENABLE_DEBUG_INFO = INCLUDE_SOURCE;
				MTL_FAST_MATH = YES;
				ONLY_ACTIVE_ARCH = YES;
				SWIFT_ACTIVE_COMPILATION_CONDITIONS = DEBUG;
				SWIFT_OPTIMIZATION_LEVEL = "-Onone";
			};
			name = Debug;
		};
		E9BC41142AE8BF02001EB815 /* Release */ = {
			isa = XCBuildConfiguration;
			buildSettings = {
				ALWAYS_SEARCH_USER_PATHS = NO;
				CLANG_ANALYZER_NONNULL = YES;
				CLANG_ANALYZER_NUMBER_OBJECT_CONVERSION = YES_AGGRESSIVE;
				CLANG_CXX_LANGUAGE_STANDARD = "gnu++17";
				CLANG_ENABLE_MODULES = YES;
				CLANG_ENABLE_OBJC_ARC = YES;
				CLANG_ENABLE_OBJC_WEAK = YES;
				CLANG_WARN_BLOCK_CAPTURE_AUTORELEASING = YES;
				CLANG_WARN_BOOL_CONVERSION = YES;
				CLANG_WARN_COMMA = YES;
				CLANG_WARN_CONSTANT_CONVERSION = YES;
				CLANG_WARN_DEPRECATED_OBJC_IMPLEMENTATIONS = YES;
				CLANG_WARN_DIRECT_OBJC_ISA_USAGE = YES_ERROR;
				CLANG_WARN_DOCUMENTATION_COMMENTS = YES;
				CLANG_WARN_EMPTY_BODY = YES;
				CLANG_WARN_ENUM_CONVERSION = YES;
				CLANG_WARN_INFINITE_RECURSION = YES;
				CLANG_WARN_INT_CONVERSION = YES;
				CLANG_WARN_NON_LITERAL_NULL_CONVERSION = YES;
				CLANG_WARN_OBJC_IMPLICIT_RETAIN_SELF = YES;
				CLANG_WARN_OBJC_LITERAL_CONVERSION = YES;
				CLANG_WARN_OBJC_ROOT_CLASS = YES_ERROR;
				CLANG_WARN_QUOTED_INCLUDE_IN_FRAMEWORK_HEADER = YES;
				CLANG_WARN_RANGE_LOOP_ANALYSIS = YES;
				CLANG_WARN_STRICT_PROTOTYPES = YES;
				CLANG_WARN_SUSPICIOUS_MOVE = YES;
				CLANG_WARN_UNGUARDED_AVAILABILITY = YES_AGGRESSIVE;
				CLANG_WARN_UNREACHABLE_CODE = YES;
				CLANG_WARN__DUPLICATE_METHOD_MATCH = YES;
				COPY_PHASE_STRIP = NO;
				DEAD_CODE_STRIPPING = YES;
				DEBUG_INFORMATION_FORMAT = "dwarf-with-dsym";
				ENABLE_NS_ASSERTIONS = NO;
				ENABLE_STRICT_OBJC_MSGSEND = YES;
				GCC_C_LANGUAGE_STANDARD = gnu11;
				GCC_NO_COMMON_BLOCKS = YES;
				GCC_WARN_64_TO_32_BIT_CONVERSION = YES;
				GCC_WARN_ABOUT_RETURN_TYPE = YES_ERROR;
				GCC_WARN_UNDECLARED_SELECTOR = YES;
				GCC_WARN_UNINITIALIZED_AUTOS = YES_AGGRESSIVE;
				GCC_WARN_UNUSED_FUNCTION = YES;
				GCC_WARN_UNUSED_VARIABLE = YES;
				MTL_ENABLE_DEBUG_INFO = NO;
				MTL_FAST_MATH = YES;
				SWIFT_COMPILATION_MODE = wholemodule;
				SWIFT_OPTIMIZATION_LEVEL = "-O";
			};
			name = Release;
		};
		E9BC41162AE8BF02001EB815 /* Debug */ = {
			isa = XCBuildConfiguration;
			buildSettings = {
				ASSETCATALOG_COMPILER_APPICON_NAME = AppIcon;
				ASSETCATALOG_COMPILER_GLOBAL_ACCENT_COLOR_NAME = AccentColor;
				CODE_SIGN_STYLE = Automatic;
				CURRENT_PROJECT_VERSION = 1;
				DEVELOPMENT_TEAM = KH96FSA6YT;
				ENABLE_PREVIEWS = YES;
				GENERATE_INFOPLIST_FILE = YES;
				INFOPLIST_KEY_UIApplicationSceneManifest_Generation = YES;
				INFOPLIST_KEY_UIApplicationSupportsIndirectInputEvents = YES;
				INFOPLIST_KEY_UILaunchScreen_Generation = YES;
				INFOPLIST_KEY_UISupportedInterfaceOrientations_iPad = "UIInterfaceOrientationPortrait UIInterfaceOrientationPortraitUpsideDown UIInterfaceOrientationLandscapeLeft UIInterfaceOrientationLandscapeRight";
				INFOPLIST_KEY_UISupportedInterfaceOrientations_iPhone = "UIInterfaceOrientationPortrait UIInterfaceOrientationLandscapeLeft UIInterfaceOrientationLandscapeRight";
				IPHONEOS_DEPLOYMENT_TARGET = 15.5;
				LD_RUNPATH_SEARCH_PATHS = (
					"$(inherited)",
					"@executable_path/Frameworks",
				);
				MARKETING_VERSION = 1.0;
				PRODUCT_BUNDLE_IDENTIFIER = com.testing.BootCamp;
				PRODUCT_NAME = BootCamp;
				SDKROOT = iphoneos;
				SWIFT_EMIT_LOC_STRINGS = YES;
				SWIFT_VERSION = 5.0;
				TARGETED_DEVICE_FAMILY = "1,2";
			};
			name = Debug;
		};
		E9BC41172AE8BF02001EB815 /* Release */ = {
			isa = XCBuildConfiguration;
			buildSettings = {
				ASSETCATALOG_COMPILER_APPICON_NAME = AppIcon;
				ASSETCATALOG_COMPILER_GLOBAL_ACCENT_COLOR_NAME = AccentColor;
				CODE_SIGN_STYLE = Automatic;
				CURRENT_PROJECT_VERSION = 1;
				DEVELOPMENT_TEAM = KH96FSA6YT;
				ENABLE_PREVIEWS = YES;
				GENERATE_INFOPLIST_FILE = YES;
				INFOPLIST_KEY_UIApplicationSceneManifest_Generation = YES;
				INFOPLIST_KEY_UIApplicationSupportsIndirectInputEvents = YES;
				INFOPLIST_KEY_UILaunchScreen_Generation = YES;
				INFOPLIST_KEY_UISupportedInterfaceOrientations_iPad = "UIInterfaceOrientationPortrait UIInterfaceOrientationPortraitUpsideDown UIInterfaceOrientationLandscapeLeft UIInterfaceOrientationLandscapeRight";
				INFOPLIST_KEY_UISupportedInterfaceOrientations_iPhone = "UIInterfaceOrientationPortrait UIInterfaceOrientationLandscapeLeft UIInterfaceOrientationLandscapeRight";
				IPHONEOS_DEPLOYMENT_TARGET = 15.5;
				LD_RUNPATH_SEARCH_PATHS = (
					"$(inherited)",
					"@executable_path/Frameworks",
				);
				MARKETING_VERSION = 1.0;
				PRODUCT_BUNDLE_IDENTIFIER = com.testing.BootCamp;
				PRODUCT_NAME = BootCamp;
				SDKROOT = iphoneos;
				SWIFT_EMIT_LOC_STRINGS = YES;
				SWIFT_VERSION = 5.0;
				TARGETED_DEVICE_FAMILY = "1,2";
				VALIDATE_PRODUCT = YES;
			};
			name = Release;
		};
		E9BC41192AE8BF02001EB815 /* Debug */ = {
			isa = XCBuildConfiguration;
			buildSettings = {
				ASSETCATALOG_COMPILER_APPICON_NAME = AppIcon;
				ASSETCATALOG_COMPILER_GLOBAL_ACCENT_COLOR_NAME = AccentColor;
				CODE_SIGN_ENTITLEMENTS = macOS/macOS.entitlements;
				CODE_SIGN_IDENTITY = "-";
				CODE_SIGN_STYLE = Automatic;
				COMBINE_HIDPI_IMAGES = YES;
				CURRENT_PROJECT_VERSION = 1;
				DEAD_CODE_STRIPPING = YES;
				DEVELOPMENT_TEAM = KH96FSA6YT;
				ENABLE_HARDENED_RUNTIME = YES;
				ENABLE_PREVIEWS = YES;
				GENERATE_INFOPLIST_FILE = YES;
				INFOPLIST_KEY_NSHumanReadableCopyright = "";
				LD_RUNPATH_SEARCH_PATHS = (
					"$(inherited)",
					"@executable_path/../Frameworks",
				);
				MACOSX_DEPLOYMENT_TARGET = 12.3;
				MARKETING_VERSION = 1.0;
				PRODUCT_BUNDLE_IDENTIFIER = com.testing.BootCamp;
				PRODUCT_NAME = BootCamp;
				SDKROOT = macosx;
				SWIFT_EMIT_LOC_STRINGS = YES;
				SWIFT_VERSION = 5.0;
			};
			name = Debug;
		};
		E9BC411A2AE8BF02001EB815 /* Release */ = {
			isa = XCBuildConfiguration;
			buildSettings = {
				ASSETCATALOG_COMPILER_APPICON_NAME = AppIcon;
				ASSETCATALOG_COMPILER_GLOBAL_ACCENT_COLOR_NAME = AccentColor;
				CODE_SIGN_ENTITLEMENTS = macOS/macOS.entitlements;
				CODE_SIGN_IDENTITY = "-";
				CODE_SIGN_STYLE = Automatic;
				COMBINE_HIDPI_IMAGES = YES;
				CURRENT_PROJECT_VERSION = 1;
				DEAD_CODE_STRIPPING = YES;
				DEVELOPMENT_TEAM = KH96FSA6YT;
				ENABLE_HARDENED_RUNTIME = YES;
				ENABLE_PREVIEWS = YES;
				GENERATE_INFOPLIST_FILE = YES;
				INFOPLIST_KEY_NSHumanReadableCopyright = "";
				LD_RUNPATH_SEARCH_PATHS = (
					"$(inherited)",
					"@executable_path/../Frameworks",
				);
				MACOSX_DEPLOYMENT_TARGET = 12.3;
				MARKETING_VERSION = 1.0;
				PRODUCT_BUNDLE_IDENTIFIER = com.testing.BootCamp;
				PRODUCT_NAME = BootCamp;
				SDKROOT = macosx;
				SWIFT_EMIT_LOC_STRINGS = YES;
				SWIFT_VERSION = 5.0;
			};
			name = Release;
		};
/* End XCBuildConfiguration section */

/* Begin XCConfigurationList section */
		E9BC40FB2AE8BEF4001EB815 /* Build configuration list for PBXProject "BootCamp" */ = {
			isa = XCConfigurationList;
			buildConfigurations = (
				E9BC41132AE8BF02001EB815 /* Debug */,
				E9BC41142AE8BF02001EB815 /* Release */,
			);
			defaultConfigurationIsVisible = 0;
			defaultConfigurationName = Release;
		};
		E9BC41152AE8BF02001EB815 /* Build configuration list for PBXNativeTarget "BootCamp (iOS)" */ = {
			isa = XCConfigurationList;
			buildConfigurations = (
				E9BC41162AE8BF02001EB815 /* Debug */,
				E9BC41172AE8BF02001EB815 /* Release */,
			);
			defaultConfigurationIsVisible = 0;
			defaultConfigurationName = Release;
		};
		E9BC41182AE8BF02001EB815 /* Build configuration list for PBXNativeTarget "BootCamp (macOS)" */ = {
			isa = XCConfigurationList;
			buildConfigurations = (
				E9BC41192AE8BF02001EB815 /* Debug */,
				E9BC411A2AE8BF02001EB815 /* Release */,
			);
			defaultConfigurationIsVisible = 0;
			defaultConfigurationName = Release;
		};
/* End XCConfigurationList section */
	};
	rootObject = E9BC40F82AE8BEF4001EB815 /* Project object */;
}
